
Microsoft Visual Studio Solution File, Format Version 12.00
# Visual Studio Version 17
VisualStudioVersion = 17.0.31903.59
MinimumVisualStudioVersion = 10.0.40219.1
Project("{2150E333-8FDC-42A3-9474-1A3956D46DE8}") = "Onion", "Onion", "{454B48C6-86C9-43C3-B751-1AAC041FA254}"
EndProject
Project("{2150E333-8FDC-42A3-9474-1A3956D46DE8}") = "Core", "Core", "{50DA209C-9997-40CC-A010-CA0C6564D440}"
EndProject
Project("{FAE04EC0-301F-11D3-BF4B-00C04F79EFBC}") = "Application", "Onion\Core\Application\Application.csproj", "{A7996563-B0FF-4CD1-B5AB-A8927A26892B}"
EndProject
Project("{FAE04EC0-301F-11D3-BF4B-00C04F79EFBC}") = "Common", "Onion\Core\Common\Common.csproj", "{2CBBB2F2-1373-4B2D-A573-88196D0BFFCA}"
EndProject
Project("{FAE04EC0-301F-11D3-BF4B-00C04F79EFBC}") = "Domain", "Onion\Core\Domain\Domain.csproj", "{30000467-4FA1-405A-B8D5-9B69F2D26B1E}"
EndProject
Project("{2150E333-8FDC-42A3-9474-1A3956D46DE8}") = "Infrastructure", "Infrastructure", "{A48E96F7-719F-491A-8772-0E79C9016FE6}"
EndProject
Project("{FAE04EC0-301F-11D3-BF4B-00C04F79EFBC}") = "Infrastructure", "Onion\Infrastructure\Infrastructure\Infrastructure.csproj", "{97881185-54E5-4F51-85C4-E99C7475BFA5}"
EndProject
Project("{FAE04EC0-301F-11D3-BF4B-00C04F79EFBC}") = "Persistence", "Onion\Infrastructure\Persistence\Persistence.csproj", "{859A3124-CE13-4B51-BBFC-6CBC227DC4DA}"
EndProject
Project("{2150E333-8FDC-42A3-9474-1A3956D46DE8}") = "Presentation", "Presentation", "{8E0DE548-1B59-4F6F-AFE7-B4B1D933BC60}"
EndProject
Project("{FAE04EC0-301F-11D3-BF4B-00C04F79EFBC}") = "UI", "Onion\Presentation\UI\UI.csproj", "{D318615C-DE9F-4ACD-A0D8-AC83FB2D831E}"
EndProject
Global
	GlobalSection(SolutionConfigurationPlatforms) = preSolution
		Debug|Any CPU = Debug|Any CPU
		Release|Any CPU = Release|Any CPU
	EndGlobalSection
	GlobalSection(SolutionProperties) = preSolution
		HideSolutionNode = FALSE
	EndGlobalSection
	GlobalSection(ProjectConfigurationPlatforms) = postSolution
		{A7996563-B0FF-4CD1-B5AB-A8927A26892B}.Debug|Any CPU.ActiveCfg = Debug|Any CPU
		{A7996563-B0FF-4CD1-B5AB-A8927A26892B}.Debug|Any CPU.Build.0 = Debug|Any CPU
		{A7996563-B0FF-4CD1-B5AB-A8927A26892B}.Release|Any CPU.ActiveCfg = Release|Any CPU
		{A7996563-B0FF-4CD1-B5AB-A8927A26892B}.Release|Any CPU.Build.0 = Release|Any CPU
		{2CBBB2F2-1373-4B2D-A573-88196D0BFFCA}.Debug|Any CPU.ActiveCfg = Debug|Any CPU
		{2CBBB2F2-1373-4B2D-A573-88196D0BFFCA}.Debug|Any CPU.Build.0 = Debug|Any CPU
		{2CBBB2F2-1373-4B2D-A573-88196D0BFFCA}.Release|Any CPU.ActiveCfg = Release|Any CPU
		{2CBBB2F2-1373-4B2D-A573-88196D0BFFCA}.Release|Any CPU.Build.0 = Release|Any CPU
		{30000467-4FA1-405A-B8D5-9B69F2D26B1E}.Debug|Any CPU.ActiveCfg = Debug|Any CPU
		{30000467-4FA1-405A-B8D5-9B69F2D26B1E}.Debug|Any CPU.Build.0 = Debug|Any CPU
		{30000467-4FA1-405A-B8D5-9B69F2D26B1E}.Release|Any CPU.ActiveCfg = Release|Any CPU
		{30000467-4FA1-405A-B8D5-9B69F2D26B1E}.Release|Any CPU.Build.0 = Release|Any CPU
		{97881185-54E5-4F51-85C4-E99C7475BFA5}.Debug|Any CPU.ActiveCfg = Debug|Any CPU
		{97881185-54E5-4F51-85C4-E99C7475BFA5}.Debug|Any CPU.Build.0 = Debug|Any CPU
		{97881185-54E5-4F51-85C4-E99C7475BFA5}.Release|Any CPU.ActiveCfg = Release|Any CPU
		{97881185-54E5-4F51-85C4-E99C7475BFA5}.Release|Any CPU.Build.0 = Release|Any CPU
		{859A3124-CE13-4B51-BBFC-6CBC227DC4DA}.Debug|Any CPU.ActiveCfg = Debug|Any CPU
		{859A3124-CE13-4B51-BBFC-6CBC227DC4DA}.Debug|Any CPU.Build.0 = Debug|Any CPU
		{859A3124-CE13-4B51-BBFC-6CBC227DC4DA}.Release|Any CPU.ActiveCfg = Release|Any CPU
		{859A3124-CE13-4B51-BBFC-6CBC227DC4DA}.Release|Any CPU.Build.0 = Release|Any CPU
		{D318615C-DE9F-4ACD-A0D8-AC83FB2D831E}.Debug|Any CPU.ActiveCfg = Debug|Any CPU
		{D318615C-DE9F-4ACD-A0D8-AC83FB2D831E}.Debug|Any CPU.Build.0 = Debug|Any CPU
		{D318615C-DE9F-4ACD-A0D8-AC83FB2D831E}.Release|Any CPU.ActiveCfg = Release|Any CPU
		{D318615C-DE9F-4ACD-A0D8-AC83FB2D831E}.Release|Any CPU.Build.0 = Release|Any CPU
	EndGlobalSection
	GlobalSection(NestedProjects) = preSolution
		{50DA209C-9997-40CC-A010-CA0C6564D440} = {454B48C6-86C9-43C3-B751-1AAC041FA254}
		{A7996563-B0FF-4CD1-B5AB-A8927A26892B} = {50DA209C-9997-40CC-A010-CA0C6564D440}
		{2CBBB2F2-1373-4B2D-A573-88196D0BFFCA} = {50DA209C-9997-40CC-A010-CA0C6564D440}
		{30000467-4FA1-405A-B8D5-9B69F2D26B1E} = {50DA209C-9997-40CC-A010-CA0C6564D440}
		{A48E96F7-719F-491A-8772-0E79C9016FE6} = {454B48C6-86C9-43C3-B751-1AAC041FA254}
		{97881185-54E5-4F51-85C4-E99C7475BFA5} = {A48E96F7-719F-491A-8772-0E79C9016FE6}
		{859A3124-CE13-4B51-BBFC-6CBC227DC4DA} = {A48E96F7-719F-491A-8772-0E79C9016FE6}
		{8E0DE548-1B59-4F6F-AFE7-B4B1D933BC60} = {454B48C6-86C9-43C3-B751-1AAC041FA254}
		{D318615C-DE9F-4ACD-A0D8-AC83FB2D831E} = {8E0DE548-1B59-4F6F-AFE7-B4B1D933BC60}
	EndGlobalSection
EndGlobal
