Microsoft Visual Studio Solution File, Format Version 12.00
# Visual Studio Version 16
VisualStudioVersion = 16.0.30114.105
MinimumVisualStudioVersion = 10.0.40219.1
Project("{FAE04EC0-301F-11D3-BF4B-00C04F79EFBC}") = "UI", "UI\UI.csproj", "{8FE2D38F-8A14-401F-B96A-01E3DE2FDFFC}"
EndProject
Project("{FAE04EC0-301F-11D3-BF4B-00C04F79EFBC}") = "Business", "Business\Business.csproj", "{8B9A6462-921F-4274-8482-632D69A65A3B}"
EndProject
Project("{FAE04EC0-301F-11D3-BF4B-00C04F79EFBC}") = "DataAccess", "DataAccess\DataAccess.csproj", "{48EB648C-1270-4ED8-AF72-E391938F6B66}"
EndProject
Project("{FAE04EC0-301F-11D3-BF4B-00C04F79EFBC}") = "Dtos", "Dtos\Dtos.csproj", "{7F85EA37-C3EF-4E7F-BC11-8BC62E6C37E6}"
EndProject
Project("{FAE04EC0-301F-11D3-BF4B-00C04F79EFBC}") = "Entities", "Entities\Entities.csproj", "{D06B4665-2235-442C-93C4-3D165EF9812A}"
EndProject
Global
	GlobalSection(SolutionConfigurationPlatforms) = preSolution
		Debug|Any CPU = Debug|Any CPU
		Release|Any CPU = Release|Any CPU
	EndGlobalSection
	GlobalSection(SolutionProperties) = preSolution
		HideSolutionNode = FALSE
	EndGlobalSection
	GlobalSection(ProjectConfigurationPlatforms) = postSolution
		{8FE2D38F-8A14-401F-B96A-01E3DE2FDFFC}.Debug|Any CPU.ActiveCfg = Debug|Any CPU
		{8FE2D38F-8A14-401F-B96A-01E3DE2FDFFC}.Debug|Any CPU.Build.0 = Debug|Any CPU
		{8FE2D38F-8A14-401F-B96A-01E3DE2FDFFC}.Release|Any CPU.ActiveCfg = Release|Any CPU
		{8FE2D38F-8A14-401F-B96A-01E3DE2FDFFC}.Release|Any CPU.Build.0 = Release|Any CPU
		{8B9A6462-921F-4274-8482-632D69A65A3B}.Debug|Any CPU.ActiveCfg = Debug|Any CPU
		{8B9A6462-921F-4274-8482-632D69A65A3B}.Debug|Any CPU.Build.0 = Debug|Any CPU
		{8B9A6462-921F-4274-8482-632D69A65A3B}.Release|Any CPU.ActiveCfg = Release|Any CPU
		{8B9A6462-921F-4274-8482-632D69A65A3B}.Release|Any CPU.Build.0 = Release|Any CPU
		{48EB648C-1270-4ED8-AF72-E391938F6B66}.Debug|Any CPU.ActiveCfg = Debug|Any CPU
		{48EB648C-1270-4ED8-AF72-E391938F6B66}.Debug|Any CPU.Build.0 = Debug|Any CPU
		{48EB648C-1270-4ED8-AF72-E391938F6B66}.Release|Any CPU.ActiveCfg = Release|Any CPU
		{48EB648C-1270-4ED8-AF72-E391938F6B66}.Release|Any CPU.Build.0 = Release|Any CPU
		{7F85EA37-C3EF-4E7F-BC11-8BC62E6C37E6}.Debug|Any CPU.ActiveCfg = Debug|Any CPU
		{7F85EA37-C3EF-4E7F-BC11-8BC62E6C37E6}.Debug|Any CPU.Build.0 = Debug|Any CPU
		{7F85EA37-C3EF-4E7F-BC11-8BC62E6C37E6}.Release|Any CPU.ActiveCfg = Release|Any CPU
		{7F85EA37-C3EF-4E7F-BC11-8BC62E6C37E6}.Release|Any CPU.Build.0 = Release|Any CPU
		{D06B4665-2235-442C-93C4-3D165EF9812A}.Debug|Any CPU.ActiveCfg = Debug|Any CPU
		{D06B4665-2235-442C-93C4-3D165EF9812A}.Debug|Any CPU.Build.0 = Debug|Any CPU
		{D06B4665-2235-442C-93C4-3D165EF9812A}.Release|Any CPU.ActiveCfg = Release|Any CPU
		{D06B4665-2235-442C-93C4-3D165EF9812A}.Release|Any CPU.Build.0 = Release|Any CPU
	EndGlobalSection
EndGlobal
