Microsoft Visual Studio Solution File, Format Version 12.00
# Visual Studio Version 16
VisualStudioVersion = 16.0.30114.105
MinimumVisualStudioVersion = 10.0.40219.1
Project("{FAE04EC0-301F-11D3-BF4B-00C04F79EFBC}") = "UI", "UI\UI.csproj", "{5B1B64F1-ED93-4008-87EE-635608F7FCB2}"
EndProject
Project("{FAE04EC0-301F-11D3-BF4B-00C04F79EFBC}") = "Business", "Business\Business.csproj", "{B18E528A-8D49-4164-A27F-23FC057B873A}"
EndProject
Project("{FAE04EC0-301F-11D3-BF4B-00C04F79EFBC}") = "DataAccess", "DataAccess\DataAccess.csproj", "{D9BE4EF2-9DFD-4584-A1B5-DABF27C0B281}"
EndProject
Project("{FAE04EC0-301F-11D3-BF4B-00C04F79EFBC}") = "Dtos", "Dtos\Dtos.csproj", "{E95E661A-3811-45FA-818E-A5039EC3AFE3}"
EndProject
Project("{FAE04EC0-301F-11D3-BF4B-00C04F79EFBC}") = "Entities", "Entities\Entities.csproj", "{15D8D24E-6558-4437-A5B6-6D3A403FBD47}"
EndProject
Project("{FAE04EC0-301F-11D3-BF4B-00C04F79EFBC}") = "Common", "Common\Common.csproj", "{EA683801-1B6D-4900-852F-C7A32BD65FA1}"
EndProject
Global
	GlobalSection(SolutionProperties) = preSolution
		HideSolutionNode = FALSE
	EndGlobalSection
	GlobalSection(SolutionConfigurationPlatforms) = preSolution
		Debug|Any CPU = Debug|Any CPU
		Debug|x64 = Debug|x64
		Debug|x86 = Debug|x86
		Release|Any CPU = Release|Any CPU
		Release|x64 = Release|x64
		Release|x86 = Release|x86
	EndGlobalSection
	GlobalSection(ProjectConfigurationPlatforms) = postSolution
		{5B1B64F1-ED93-4008-87EE-635608F7FCB2}.Debug|Any CPU.ActiveCfg = Debug|Any CPU
		{5B1B64F1-ED93-4008-87EE-635608F7FCB2}.Debug|Any CPU.Build.0 = Debug|Any CPU
		{5B1B64F1-ED93-4008-87EE-635608F7FCB2}.Debug|x64.ActiveCfg = Debug|Any CPU
		{5B1B64F1-ED93-4008-87EE-635608F7FCB2}.Debug|x64.Build.0 = Debug|Any CPU
		{5B1B64F1-ED93-4008-87EE-635608F7FCB2}.Debug|x86.ActiveCfg = Debug|Any CPU
		{5B1B64F1-ED93-4008-87EE-635608F7FCB2}.Debug|x86.Build.0 = Debug|Any CPU
		{5B1B64F1-ED93-4008-87EE-635608F7FCB2}.Release|Any CPU.ActiveCfg = Release|Any CPU
		{5B1B64F1-ED93-4008-87EE-635608F7FCB2}.Release|Any CPU.Build.0 = Release|Any CPU
		{5B1B64F1-ED93-4008-87EE-635608F7FCB2}.Release|x64.ActiveCfg = Release|Any CPU
		{5B1B64F1-ED93-4008-87EE-635608F7FCB2}.Release|x64.Build.0 = Release|Any CPU
		{5B1B64F1-ED93-4008-87EE-635608F7FCB2}.Release|x86.ActiveCfg = Release|Any CPU
		{5B1B64F1-ED93-4008-87EE-635608F7FCB2}.Release|x86.Build.0 = Release|Any CPU
		{B18E528A-8D49-4164-A27F-23FC057B873A}.Debug|Any CPU.ActiveCfg = Debug|Any CPU
		{B18E528A-8D49-4164-A27F-23FC057B873A}.Debug|Any CPU.Build.0 = Debug|Any CPU
		{B18E528A-8D49-4164-A27F-23FC057B873A}.Debug|x64.ActiveCfg = Debug|Any CPU
		{B18E528A-8D49-4164-A27F-23FC057B873A}.Debug|x64.Build.0 = Debug|Any CPU
		{B18E528A-8D49-4164-A27F-23FC057B873A}.Debug|x86.ActiveCfg = Debug|Any CPU
		{B18E528A-8D49-4164-A27F-23FC057B873A}.Debug|x86.Build.0 = Debug|Any CPU
		{B18E528A-8D49-4164-A27F-23FC057B873A}.Release|Any CPU.ActiveCfg = Release|Any CPU
		{B18E528A-8D49-4164-A27F-23FC057B873A}.Release|Any CPU.Build.0 = Release|Any CPU
		{B18E528A-8D49-4164-A27F-23FC057B873A}.Release|x64.ActiveCfg = Release|Any CPU
		{B18E528A-8D49-4164-A27F-23FC057B873A}.Release|x64.Build.0 = Release|Any CPU
		{B18E528A-8D49-4164-A27F-23FC057B873A}.Release|x86.ActiveCfg = Release|Any CPU
		{B18E528A-8D49-4164-A27F-23FC057B873A}.Release|x86.Build.0 = Release|Any CPU
		{D9BE4EF2-9DFD-4584-A1B5-DABF27C0B281}.Debug|Any CPU.ActiveCfg = Debug|Any CPU
		{D9BE4EF2-9DFD-4584-A1B5-DABF27C0B281}.Debug|Any CPU.Build.0 = Debug|Any CPU
		{D9BE4EF2-9DFD-4584-A1B5-DABF27C0B281}.Debug|x64.ActiveCfg = Debug|Any CPU
		{D9BE4EF2-9DFD-4584-A1B5-DABF27C0B281}.Debug|x64.Build.0 = Debug|Any CPU
		{D9BE4EF2-9DFD-4584-A1B5-DABF27C0B281}.Debug|x86.ActiveCfg = Debug|Any CPU
		{D9BE4EF2-9DFD-4584-A1B5-DABF27C0B281}.Debug|x86.Build.0 = Debug|Any CPU
		{D9BE4EF2-9DFD-4584-A1B5-DABF27C0B281}.Release|Any CPU.ActiveCfg = Release|Any CPU
		{D9BE4EF2-9DFD-4584-A1B5-DABF27C0B281}.Release|Any CPU.Build.0 = Release|Any CPU
		{D9BE4EF2-9DFD-4584-A1B5-DABF27C0B281}.Release|x64.ActiveCfg = Release|Any CPU
		{D9BE4EF2-9DFD-4584-A1B5-DABF27C0B281}.Release|x64.Build.0 = Release|Any CPU
		{D9BE4EF2-9DFD-4584-A1B5-DABF27C0B281}.Release|x86.ActiveCfg = Release|Any CPU
		{D9BE4EF2-9DFD-4584-A1B5-DABF27C0B281}.Release|x86.Build.0 = Release|Any CPU
		{E95E661A-3811-45FA-818E-A5039EC3AFE3}.Debug|Any CPU.ActiveCfg = Debug|Any CPU
		{E95E661A-3811-45FA-818E-A5039EC3AFE3}.Debug|Any CPU.Build.0 = Debug|Any CPU
		{E95E661A-3811-45FA-818E-A5039EC3AFE3}.Debug|x64.ActiveCfg = Debug|Any CPU
		{E95E661A-3811-45FA-818E-A5039EC3AFE3}.Debug|x64.Build.0 = Debug|Any CPU
		{E95E661A-3811-45FA-818E-A5039EC3AFE3}.Debug|x86.ActiveCfg = Debug|Any CPU
		{E95E661A-3811-45FA-818E-A5039EC3AFE3}.Debug|x86.Build.0 = Debug|Any CPU
		{E95E661A-3811-45FA-818E-A5039EC3AFE3}.Release|Any CPU.ActiveCfg = Release|Any CPU
		{E95E661A-3811-45FA-818E-A5039EC3AFE3}.Release|Any CPU.Build.0 = Release|Any CPU
		{E95E661A-3811-45FA-818E-A5039EC3AFE3}.Release|x64.ActiveCfg = Release|Any CPU
		{E95E661A-3811-45FA-818E-A5039EC3AFE3}.Release|x64.Build.0 = Release|Any CPU
		{E95E661A-3811-45FA-818E-A5039EC3AFE3}.Release|x86.ActiveCfg = Release|Any CPU
		{E95E661A-3811-45FA-818E-A5039EC3AFE3}.Release|x86.Build.0 = Release|Any CPU
		{15D8D24E-6558-4437-A5B6-6D3A403FBD47}.Debug|Any CPU.ActiveCfg = Debug|Any CPU
		{15D8D24E-6558-4437-A5B6-6D3A403FBD47}.Debug|Any CPU.Build.0 = Debug|Any CPU
		{15D8D24E-6558-4437-A5B6-6D3A403FBD47}.Debug|x64.ActiveCfg = Debug|Any CPU
		{15D8D24E-6558-4437-A5B6-6D3A403FBD47}.Debug|x64.Build.0 = Debug|Any CPU
		{15D8D24E-6558-4437-A5B6-6D3A403FBD47}.Debug|x86.ActiveCfg = Debug|Any CPU
		{15D8D24E-6558-4437-A5B6-6D3A403FBD47}.Debug|x86.Build.0 = Debug|Any CPU
		{15D8D24E-6558-4437-A5B6-6D3A403FBD47}.Release|Any CPU.ActiveCfg = Release|Any CPU
		{15D8D24E-6558-4437-A5B6-6D3A403FBD47}.Release|Any CPU.Build.0 = Release|Any CPU
		{15D8D24E-6558-4437-A5B6-6D3A403FBD47}.Release|x64.ActiveCfg = Release|Any CPU
		{15D8D24E-6558-4437-A5B6-6D3A403FBD47}.Release|x64.Build.0 = Release|Any CPU
		{15D8D24E-6558-4437-A5B6-6D3A403FBD47}.Release|x86.ActiveCfg = Release|Any CPU
		{15D8D24E-6558-4437-A5B6-6D3A403FBD47}.Release|x86.Build.0 = Release|Any CPU
		{EA683801-1B6D-4900-852F-C7A32BD65FA1}.Debug|Any CPU.ActiveCfg = Debug|Any CPU
		{EA683801-1B6D-4900-852F-C7A32BD65FA1}.Debug|Any CPU.Build.0 = Debug|Any CPU
		{EA683801-1B6D-4900-852F-C7A32BD65FA1}.Debug|x64.ActiveCfg = Debug|Any CPU
		{EA683801-1B6D-4900-852F-C7A32BD65FA1}.Debug|x64.Build.0 = Debug|Any CPU
		{EA683801-1B6D-4900-852F-C7A32BD65FA1}.Debug|x86.ActiveCfg = Debug|Any CPU
		{EA683801-1B6D-4900-852F-C7A32BD65FA1}.Debug|x86.Build.0 = Debug|Any CPU
		{EA683801-1B6D-4900-852F-C7A32BD65FA1}.Release|Any CPU.ActiveCfg = Release|Any CPU
		{EA683801-1B6D-4900-852F-C7A32BD65FA1}.Release|Any CPU.Build.0 = Release|Any CPU
		{EA683801-1B6D-4900-852F-C7A32BD65FA1}.Release|x64.ActiveCfg = Release|Any CPU
		{EA683801-1B6D-4900-852F-C7A32BD65FA1}.Release|x64.Build.0 = Release|Any CPU
		{EA683801-1B6D-4900-852F-C7A32BD65FA1}.Release|x86.ActiveCfg = Release|Any CPU
		{EA683801-1B6D-4900-852F-C7A32BD65FA1}.Release|x86.Build.0 = Release|Any CPU
	EndGlobalSection
EndGlobal
