Microsoft Visual Studio Solution File, Format Version 12.00
# Visual Studio Version 16
VisualStudioVersion = 16.0.30114.105
MinimumVisualStudioVersion = 10.0.40219.1
Project("{FAE04EC0-301F-11D3-BF4B-00C04F79EFBC}") = "UI", "UI\UI.csproj", "{EC162ACE-81D6-4FDE-86EC-65338DCE9009}"
EndProject
Project("{FAE04EC0-301F-11D3-BF4B-00C04F79EFBC}") = "Business", "Business\Business.csproj", "{D3FEAE1B-E993-4265-8420-6492451BFB0A}"
EndProject
Project("{FAE04EC0-301F-11D3-BF4B-00C04F79EFBC}") = "DataAccess", "DataAccess\DataAccess.csproj", "{658D5429-EB62-4256-8E91-626B8144AA84}"
EndProject
Project("{FAE04EC0-301F-11D3-BF4B-00C04F79EFBC}") = "Dtos", "Dtos\Dtos.csproj", "{8113BB60-CEFE-4443-98A2-80D233C41FFC}"
EndProject
Project("{FAE04EC0-301F-11D3-BF4B-00C04F79EFBC}") = "Entities", "Entities\Entities.csproj", "{7EEF66D5-65AB-4DC8-A48C-3EC2063C4BCA}"
EndProject
Project("{FAE04EC0-301F-11D3-BF4B-00C04F79EFBC}") = "Common", "Common\Common.csproj", "{8EA3B230-BDB2-449E-8B4D-5F85976043FA}"
EndProject
Global
	GlobalSection(SolutionProperties) = preSolution
		HideSolutionNode = FALSE
	EndGlobalSection
	GlobalSection(SolutionConfigurationPlatforms) = preSolution
		Debug|Any CPU = Debug|Any CPU
		Debug|x64 = Debug|x64
		Debug|x86 = Debug|x86
		Release|Any CPU = Release|Any CPU
		Release|x64 = Release|x64
		Release|x86 = Release|x86
	EndGlobalSection
	GlobalSection(ProjectConfigurationPlatforms) = postSolution
		{EC162ACE-81D6-4FDE-86EC-65338DCE9009}.Debug|Any CPU.ActiveCfg = Debug|Any CPU
		{EC162ACE-81D6-4FDE-86EC-65338DCE9009}.Debug|Any CPU.Build.0 = Debug|Any CPU
		{EC162ACE-81D6-4FDE-86EC-65338DCE9009}.Debug|x64.ActiveCfg = Debug|Any CPU
		{EC162ACE-81D6-4FDE-86EC-65338DCE9009}.Debug|x64.Build.0 = Debug|Any CPU
		{EC162ACE-81D6-4FDE-86EC-65338DCE9009}.Debug|x86.ActiveCfg = Debug|Any CPU
		{EC162ACE-81D6-4FDE-86EC-65338DCE9009}.Debug|x86.Build.0 = Debug|Any CPU
		{EC162ACE-81D6-4FDE-86EC-65338DCE9009}.Release|Any CPU.ActiveCfg = Release|Any CPU
		{EC162ACE-81D6-4FDE-86EC-65338DCE9009}.Release|Any CPU.Build.0 = Release|Any CPU
		{EC162ACE-81D6-4FDE-86EC-65338DCE9009}.Release|x64.ActiveCfg = Release|Any CPU
		{EC162ACE-81D6-4FDE-86EC-65338DCE9009}.Release|x64.Build.0 = Release|Any CPU
		{EC162ACE-81D6-4FDE-86EC-65338DCE9009}.Release|x86.ActiveCfg = Release|Any CPU
		{EC162ACE-81D6-4FDE-86EC-65338DCE9009}.Release|x86.Build.0 = Release|Any CPU
		{D3FEAE1B-E993-4265-8420-6492451BFB0A}.Debug|Any CPU.ActiveCfg = Debug|Any CPU
		{D3FEAE1B-E993-4265-8420-6492451BFB0A}.Debug|Any CPU.Build.0 = Debug|Any CPU
		{D3FEAE1B-E993-4265-8420-6492451BFB0A}.Debug|x64.ActiveCfg = Debug|Any CPU
		{D3FEAE1B-E993-4265-8420-6492451BFB0A}.Debug|x64.Build.0 = Debug|Any CPU
		{D3FEAE1B-E993-4265-8420-6492451BFB0A}.Debug|x86.ActiveCfg = Debug|Any CPU
		{D3FEAE1B-E993-4265-8420-6492451BFB0A}.Debug|x86.Build.0 = Debug|Any CPU
		{D3FEAE1B-E993-4265-8420-6492451BFB0A}.Release|Any CPU.ActiveCfg = Release|Any CPU
		{D3FEAE1B-E993-4265-8420-6492451BFB0A}.Release|Any CPU.Build.0 = Release|Any CPU
		{D3FEAE1B-E993-4265-8420-6492451BFB0A}.Release|x64.ActiveCfg = Release|Any CPU
		{D3FEAE1B-E993-4265-8420-6492451BFB0A}.Release|x64.Build.0 = Release|Any CPU
		{D3FEAE1B-E993-4265-8420-6492451BFB0A}.Release|x86.ActiveCfg = Release|Any CPU
		{D3FEAE1B-E993-4265-8420-6492451BFB0A}.Release|x86.Build.0 = Release|Any CPU
		{658D5429-EB62-4256-8E91-626B8144AA84}.Debug|Any CPU.ActiveCfg = Debug|Any CPU
		{658D5429-EB62-4256-8E91-626B8144AA84}.Debug|Any CPU.Build.0 = Debug|Any CPU
		{658D5429-EB62-4256-8E91-626B8144AA84}.Debug|x64.ActiveCfg = Debug|Any CPU
		{658D5429-EB62-4256-8E91-626B8144AA84}.Debug|x64.Build.0 = Debug|Any CPU
		{658D5429-EB62-4256-8E91-626B8144AA84}.Debug|x86.ActiveCfg = Debug|Any CPU
		{658D5429-EB62-4256-8E91-626B8144AA84}.Debug|x86.Build.0 = Debug|Any CPU
		{658D5429-EB62-4256-8E91-626B8144AA84}.Release|Any CPU.ActiveCfg = Release|Any CPU
		{658D5429-EB62-4256-8E91-626B8144AA84}.Release|Any CPU.Build.0 = Release|Any CPU
		{658D5429-EB62-4256-8E91-626B8144AA84}.Release|x64.ActiveCfg = Release|Any CPU
		{658D5429-EB62-4256-8E91-626B8144AA84}.Release|x64.Build.0 = Release|Any CPU
		{658D5429-EB62-4256-8E91-626B8144AA84}.Release|x86.ActiveCfg = Release|Any CPU
		{658D5429-EB62-4256-8E91-626B8144AA84}.Release|x86.Build.0 = Release|Any CPU
		{8113BB60-CEFE-4443-98A2-80D233C41FFC}.Debug|Any CPU.ActiveCfg = Debug|Any CPU
		{8113BB60-CEFE-4443-98A2-80D233C41FFC}.Debug|Any CPU.Build.0 = Debug|Any CPU
		{8113BB60-CEFE-4443-98A2-80D233C41FFC}.Debug|x64.ActiveCfg = Debug|Any CPU
		{8113BB60-CEFE-4443-98A2-80D233C41FFC}.Debug|x64.Build.0 = Debug|Any CPU
		{8113BB60-CEFE-4443-98A2-80D233C41FFC}.Debug|x86.ActiveCfg = Debug|Any CPU
		{8113BB60-CEFE-4443-98A2-80D233C41FFC}.Debug|x86.Build.0 = Debug|Any CPU
		{8113BB60-CEFE-4443-98A2-80D233C41FFC}.Release|Any CPU.ActiveCfg = Release|Any CPU
		{8113BB60-CEFE-4443-98A2-80D233C41FFC}.Release|Any CPU.Build.0 = Release|Any CPU
		{8113BB60-CEFE-4443-98A2-80D233C41FFC}.Release|x64.ActiveCfg = Release|Any CPU
		{8113BB60-CEFE-4443-98A2-80D233C41FFC}.Release|x64.Build.0 = Release|Any CPU
		{8113BB60-CEFE-4443-98A2-80D233C41FFC}.Release|x86.ActiveCfg = Release|Any CPU
		{8113BB60-CEFE-4443-98A2-80D233C41FFC}.Release|x86.Build.0 = Release|Any CPU
		{7EEF66D5-65AB-4DC8-A48C-3EC2063C4BCA}.Debug|Any CPU.ActiveCfg = Debug|Any CPU
		{7EEF66D5-65AB-4DC8-A48C-3EC2063C4BCA}.Debug|Any CPU.Build.0 = Debug|Any CPU
		{7EEF66D5-65AB-4DC8-A48C-3EC2063C4BCA}.Debug|x64.ActiveCfg = Debug|Any CPU
		{7EEF66D5-65AB-4DC8-A48C-3EC2063C4BCA}.Debug|x64.Build.0 = Debug|Any CPU
		{7EEF66D5-65AB-4DC8-A48C-3EC2063C4BCA}.Debug|x86.ActiveCfg = Debug|Any CPU
		{7EEF66D5-65AB-4DC8-A48C-3EC2063C4BCA}.Debug|x86.Build.0 = Debug|Any CPU
		{7EEF66D5-65AB-4DC8-A48C-3EC2063C4BCA}.Release|Any CPU.ActiveCfg = Release|Any CPU
		{7EEF66D5-65AB-4DC8-A48C-3EC2063C4BCA}.Release|Any CPU.Build.0 = Release|Any CPU
		{7EEF66D5-65AB-4DC8-A48C-3EC2063C4BCA}.Release|x64.ActiveCfg = Release|Any CPU
		{7EEF66D5-65AB-4DC8-A48C-3EC2063C4BCA}.Release|x64.Build.0 = Release|Any CPU
		{7EEF66D5-65AB-4DC8-A48C-3EC2063C4BCA}.Release|x86.ActiveCfg = Release|Any CPU
		{7EEF66D5-65AB-4DC8-A48C-3EC2063C4BCA}.Release|x86.Build.0 = Release|Any CPU
		{8EA3B230-BDB2-449E-8B4D-5F85976043FA}.Debug|Any CPU.ActiveCfg = Debug|Any CPU
		{8EA3B230-BDB2-449E-8B4D-5F85976043FA}.Debug|Any CPU.Build.0 = Debug|Any CPU
		{8EA3B230-BDB2-449E-8B4D-5F85976043FA}.Debug|x64.ActiveCfg = Debug|Any CPU
		{8EA3B230-BDB2-449E-8B4D-5F85976043FA}.Debug|x64.Build.0 = Debug|Any CPU
		{8EA3B230-BDB2-449E-8B4D-5F85976043FA}.Debug|x86.ActiveCfg = Debug|Any CPU
		{8EA3B230-BDB2-449E-8B4D-5F85976043FA}.Debug|x86.Build.0 = Debug|Any CPU
		{8EA3B230-BDB2-449E-8B4D-5F85976043FA}.Release|Any CPU.ActiveCfg = Release|Any CPU
		{8EA3B230-BDB2-449E-8B4D-5F85976043FA}.Release|Any CPU.Build.0 = Release|Any CPU
		{8EA3B230-BDB2-449E-8B4D-5F85976043FA}.Release|x64.ActiveCfg = Release|Any CPU
		{8EA3B230-BDB2-449E-8B4D-5F85976043FA}.Release|x64.Build.0 = Release|Any CPU
		{8EA3B230-BDB2-449E-8B4D-5F85976043FA}.Release|x86.ActiveCfg = Release|Any CPU
		{8EA3B230-BDB2-449E-8B4D-5F85976043FA}.Release|x86.Build.0 = Release|Any CPU
	EndGlobalSection
EndGlobal
